// !$*UTF8*$!
{
	archiveVersion = 1;
	classes = {
	};
	objectVersion = 77;
	objects = {

/* Begin PBXContainerItemProxy section */
		906AFF652E9DC49100CFEAF4 /* PBXContainerItemProxy */ = {
			isa = PBXContainerItemProxy;
			containerPortal = 906AFF4D2E9DC48F00CFEAF4 /* Project object */;
			proxyType = 1;
			remoteGlobalIDString = 906AFF542E9DC48F00CFEAF4;
			remoteInfo = iOS_InterviewPrep;
		};
		906AFF6F2E9DC49100CFEAF4 /* PBXContainerItemProxy */ = {
			isa = PBXContainerItemProxy;
			containerPortal = 906AFF4D2E9DC48F00CFEAF4 /* Project object */;
			proxyType = 1;
			remoteGlobalIDString = 906AFF542E9DC48F00CFEAF4;
			remoteInfo = iOS_InterviewPrep;
		};
/* End PBXContainerItemProxy section */

/* Begin PBXFileReference section */
		906AFF552E9DC48F00CFEAF4 /* iOS_InterviewPrep.app */ = {isa = PBXFileReference; explicitFileType = wrapper.application; includeInIndex = 0; path = iOS_InterviewPrep.app; sourceTree = BUILT_PRODUCTS_DIR; };
		906AFF642E9DC49100CFEAF4 /* iOS_InterviewPrepTests.xctest */ = {isa = PBXFileReference; explicitFileType = wrapper.cfbundle; includeInIndex = 0; path = iOS_InterviewPrepTests.xctest; sourceTree = BUILT_PRODUCTS_DIR; };
		906AFF6E2E9DC49100CFEAF4 /* iOS_InterviewPrepUITests.xctest */ = {isa = PBXFileReference; explicitFileType = wrapper.cfbundle; includeInIndex = 0; path = iOS_InterviewPrepUITests.xctest; sourceTree = BUILT_PRODUCTS_DIR; };
/* End PBXFileReference section */

/* Begin PBXFileSystemSynchronizedRootGroup section */
		906AFF572E9DC48F00CFEAF4 /* iOS_InterviewPrep */ = {
			isa = PBXFileSystemSynchronizedRootGroup;
			path = iOS_InterviewPrep;
			sourceTree = "<group>";
		};
		906AFF672E9DC49100CFEAF4 /* iOS_InterviewPrepTests */ = {
			isa = PBXFileSystemSynchronizedRootGroup;
			path = iOS_InterviewPrepTests;
			sourceTree = "<group>";
		};
		906AFF712E9DC49100CFEAF4 /* iOS_InterviewPrepUITests */ = {
			isa = PBXFileSystemSynchronizedRootGroup;
			path = iOS_InterviewPrepUITests;
			sourceTree = "<group>";
		};
/* End PBXFileSystemSynchronizedRootGroup section */

/* Begin PBXFrameworksBuildPhase section */
		906AFF522E9DC48F00CFEAF4 /* Frameworks */ = {
			isa = PBXFrameworksBuildPhase;
			buildActionMask = 2147483647;
			files = (
			);
			runOnlyForDeploymentPostprocessing = 0;
		};
		906AFF612E9DC49100CFEAF4 /* Frameworks */ = {
			isa = PBXFrameworksBuildPhase;
			buildActionMask = 2147483647;
			files = (
			);
			runOnlyForDeploymentPostprocessing = 0;
		};
		906AFF6B2E9DC49100CFEAF4 /* Frameworks */ = {
			isa = PBXFrameworksBuildPhase;
			buildActionMask = 2147483647;
			files = (
			);
			runOnlyForDeploymentPostprocessing = 0;
		};
/* End PBXFrameworksBuildPhase section */

/* Begin PBXGroup section */
		906AFF4C2E9DC48F00CFEAF4 = {
			isa = PBXGroup;
			children = (
				906AFF572E9DC48F00CFEAF4 /* iOS_InterviewPrep */,
				906AFF672E9DC49100CFEAF4 /* iOS_InterviewPrepTests */,
				906AFF712E9DC49100CFEAF4 /* iOS_InterviewPrepUITests */,
				906AFF562E9DC48F00CFEAF4 /* Products */,
			);
			sourceTree = "<group>";
		};
		906AFF562E9DC48F00CFEAF4 /* Products */ = {
			isa = PBXGroup;
			children = (
				906AFF552E9DC48F00CFEAF4 /* iOS_InterviewPrep.app */,
				906AFF642E9DC49100CFEAF4 /* iOS_InterviewPrepTests.xctest */,
				906AFF6E2E9DC49100CFEAF4 /* iOS_InterviewPrepUITests.xctest */,
			);
			name = Products;
			sourceTree = "<group>";
		};
/* End PBXGroup section */

/* Begin PBXNativeTarget section */
		906AFF542E9DC48F00CFEAF4 /* iOS_InterviewPrep */ = {
			isa = PBXNativeTarget;
			buildConfigurationList = 906AFF782E9DC49100CFEAF4 /* Build configuration list for PBXNativeTarget "iOS_InterviewPrep" */;
			buildPhases = (
				906AFF512E9DC48F00CFEAF4 /* Sources */,
				906AFF522E9DC48F00CFEAF4 /* Frameworks */,
				906AFF532E9DC48F00CFEAF4 /* Resources */,
			);
			buildRules = (
			);
			dependencies = (
			);
			fileSystemSynchronizedGroups = (
				906AFF572E9DC48F00CFEAF4 /* iOS_InterviewPrep */,
			);
			name = iOS_InterviewPrep;
			packageProductDependencies = (
			);
			productName = iOS_InterviewPrep;
			productReference = 906AFF552E9DC48F00CFEAF4 /* iOS_InterviewPrep.app */;
			productType = "com.apple.product-type.application";
		};
		906AFF632E9DC49100CFEAF4 /* iOS_InterviewPrepTests */ = {
			isa = PBXNativeTarget;
			buildConfigurationList = 906AFF7B2E9DC49100CFEAF4 /* Build configuration list for PBXNativeTarget "iOS_InterviewPrepTests" */;
			buildPhases = (
				906AFF602E9DC49100CFEAF4 /* Sources */,
				906AFF612E9DC49100CFEAF4 /* Frameworks */,
				906AFF622E9DC49100CFEAF4 /* Resources */,
			);
			buildRules = (
			);
			dependencies = (
				906AFF662E9DC49100CFEAF4 /* PBXTargetDependency */,
			);
			fileSystemSynchronizedGroups = (
				906AFF672E9DC49100CFEAF4 /* iOS_InterviewPrepTests */,
			);
			name = iOS_InterviewPrepTests;
			packageProductDependencies = (
			);
			productName = iOS_InterviewPrepTests;
			productReference = 906AFF642E9DC49100CFEAF4 /* iOS_InterviewPrepTests.xctest */;
			productType = "com.apple.product-type.bundle.unit-test";
		};
		906AFF6D2E9DC49100CFEAF4 /* iOS_InterviewPrepUITests */ = {
			isa = PBXNativeTarget;
			buildConfigurationList = 906AFF7E2E9DC49100CFEAF4 /* Build configuration list for PBXNativeTarget "iOS_InterviewPrepUITests" */;
			buildPhases = (
				906AFF6A2E9DC49100CFEAF4 /* Sources */,
				906AFF6B2E9DC49100CFEAF4 /* Frameworks */,
				906AFF6C2E9DC49100CFEAF4 /* Resources */,
			);
			buildRules = (
			);
			dependencies = (
				906AFF702E9DC49100CFEAF4 /* PBXTargetDependency */,
			);
			fileSystemSynchronizedGroups = (
				906AFF712E9DC49100CFEAF4 /* iOS_InterviewPrepUITests */,
			);
			name = iOS_InterviewPrepUITests;
			packageProductDependencies = (
			);
			productName = iOS_InterviewPrepUITests;
			productReference = 906AFF6E2E9DC49100CFEAF4 /* iOS_InterviewPrepUITests.xctest */;
			productType = "com.apple.product-type.bundle.ui-testing";
		};
/* End PBXNativeTarget section */

/* Begin PBXProject section */
		906AFF4D2E9DC48F00CFEAF4 /* Project object */ = {
			isa = PBXProject;
			attributes = {
				BuildIndependentTargetsInParallel = 1;
				LastSwiftUpdateCheck = 2600;
				LastUpgradeCheck = 2600;
				TargetAttributes = {
					906AFF542E9DC48F00CFEAF4 = {
						CreatedOnToolsVersion = 26.0;
					};
					906AFF632E9DC49100CFEAF4 = {
						CreatedOnToolsVersion = 26.0;
						TestTargetID = 906AFF542E9DC48F00CFEAF4;
					};
					906AFF6D2E9DC49100CFEAF4 = {
						CreatedOnToolsVersion = 26.0;
						TestTargetID = 906AFF542E9DC48F00CFEAF4;
					};
				};
			};
			buildConfigurationList = 906AFF502E9DC48F00CFEAF4 /* Build configuration list for PBXProject "iOS_InterviewPrep" */;
			developmentRegion = en;
			hasScannedForEncodings = 0;
			knownRegions = (
				en,
				Base,
			);
			mainGroup = 906AFF4C2E9DC48F00CFEAF4;
			minimizedProjectReferenceProxies = 1;
			preferredProjectObjectVersion = 77;
			productRefGroup = 906AFF562E9DC48F00CFEAF4 /* Products */;
			projectDirPath = "";
			projectRoot = "";
			targets = (
				906AFF542E9DC48F00CFEAF4 /* iOS_InterviewPrep */,
				906AFF632E9DC49100CFEAF4 /* iOS_InterviewPrepTests */,
				906AFF6D2E9DC49100CFEAF4 /* iOS_InterviewPrepUITests */,
			);
		};
/* End PBXProject section */

/* Begin PBXResourcesBuildPhase section */
		906AFF532E9DC48F00CFEAF4 /* Resources */ = {
			isa = PBXResourcesBuildPhase;
			buildActionMask = 2147483647;
			files = (
			);
			runOnlyForDeploymentPostprocessing = 0;
		};
		906AFF622E9DC49100CFEAF4 /* Resources */ = {
			isa = PBXResourcesBuildPhase;
			buildActionMask = 2147483647;
			files = (
			);
			runOnlyForDeploymentPostprocessing = 0;
		};
		906AFF6C2E9DC49100CFEAF4 /* Resources */ = {
			isa = PBXResourcesBuildPhase;
			buildActionMask = 2147483647;
			files = (
			);
			runOnlyForDeploymentPostprocessing = 0;
		};
/* End PBXResourcesBuildPhase section */

/* Begin PBXSourcesBuildPhase section */
		906AFF512E9DC48F00CFEAF4 /* Sources */ = {
			isa = PBXSourcesBuildPhase;
			buildActionMask = 2147483647;
			files = (
			);
			runOnlyForDeploymentPostprocessing = 0;
		};
		906AFF602E9DC49100CFEAF4 /* Sources */ = {
			isa = PBXSourcesBuildPhase;
			buildActionMask = 2147483647;
			files = (
			);
			runOnlyForDeploymentPostprocessing = 0;
		};
		906AFF6A2E9DC49100CFEAF4 /* Sources */ = {
			isa = PBXSourcesBuildPhase;
			buildActionMask = 2147483647;
			files = (
			);
			runOnlyForDeploymentPostprocessing = 0;
		};
/* End PBXSourcesBuildPhase section */

/* Begin PBXTargetDependency section */
		906AFF662E9DC49100CFEAF4 /* PBXTargetDependency */ = {
			isa = PBXTargetDependency;
			target = 906AFF542E9DC48F00CFEAF4 /* iOS_InterviewPrep */;
			targetProxy = 906AFF652E9DC49100CFEAF4 /* PBXContainerItemProxy */;
		};
		906AFF702E9DC49100CFEAF4 /* PBXTargetDependency */ = {
			isa = PBXTargetDependency;
			target = 906AFF542E9DC48F00CFEAF4 /* iOS_InterviewPrep */;
			targetProxy = 906AFF6F2E9DC49100CFEAF4 /* PBXContainerItemProxy */;
		};
/* End PBXTargetDependency section */

/* Begin XCBuildConfiguration section */
		906AFF762E9DC49100CFEAF4 /* Debug */ = {
			isa = XCBuildConfiguration;
			buildSettings = {
				ALWAYS_SEARCH_USER_PATHS = NO;
				ASSETCATALOG_COMPILER_GENERATE_SWIFT_ASSET_SYMBOL_EXTENSIONS = YES;
				CLANG_ANALYZER_NONNULL = YES;
				CLANG_ANALYZER_NUMBER_OBJECT_CONVERSION = YES_AGGRESSIVE;
				CLANG_CXX_LANGUAGE_STANDARD = "gnu++20";
				CLANG_ENABLE_MODULES = YES;
				CLANG_ENABLE_OBJC_ARC = YES;
				CLANG_ENABLE_OBJC_WEAK = YES;
				CLANG_WARN_BLOCK_CAPTURE_AUTORELEASING = YES;
				CLANG_WARN_BOOL_CONVERSION = YES;
				CLANG_WARN_COMMA = YES;
				CLANG_WARN_CONSTANT_CONVERSION = YES;
				CLANG_WARN_DEPRECATED_OBJC_IMPLEMENTATIONS = YES;
				CLANG_WARN_DIRECT_OBJC_ISA_USAGE = YES_ERROR;
				CLANG_WARN_DOCUMENTATION_COMMENTS = YES;
				CLANG_WARN_EMPTY_BODY = YES;
				CLANG_WARN_ENUM_CONVERSION = YES;
				CLANG_WARN_INFINITE_RECURSION = YES;
				CLANG_WARN_INT_CONVERSION = YES;
				CLANG_WARN_NON_LITERAL_NULL_CONVERSION = YES;
				CLANG_WARN_OBJC_IMPLICIT_RETAIN_SELF = YES;
				CLANG_WARN_OBJC_LITERAL_CONVERSION = YES;
				CLANG_WARN_OBJC_ROOT_CLASS = YES_ERROR;
				CLANG_WARN_QUOTED_INCLUDE_IN_FRAMEWORK_HEADER = YES;
				CLANG_WARN_RANGE_LOOP_ANALYSIS = YES;
				CLANG_WARN_STRICT_PROTOTYPES = YES;
				CLANG_WARN_SUSPICIOUS_MOVE = YES;
				CLANG_WARN_UNGUARDED_AVAILABILITY = YES_AGGRESSIVE;
				CLANG_WARN_UNREACHABLE_CODE = YES;
				CLANG_WARN__DUPLICATE_METHOD_MATCH = YES;
				COPY_PHASE_STRIP = NO;
				DEBUG_INFORMATION_FORMAT = dwarf;
				DEVELOPMENT_TEAM = G3B2ACWEFM;
				ENABLE_STRICT_OBJC_MSGSEND = YES;
				ENABLE_TESTABILITY = YES;
				ENABLE_USER_SCRIPT_SANDBOXING = YES;
				GCC_C_LANGUAGE_STANDARD = gnu17;
				GCC_DYNAMIC_NO_PIC = NO;
				GCC_NO_COMMON_BLOCKS = YES;
				GCC_OPTIMIZATION_LEVEL = 0;
				GCC_PREPROCESSOR_DEFINITIONS = (
					"DEBUG=1",
					"$(inherited)",
				);
				GCC_WARN_64_TO_32_BIT_CONVERSION = YES;
				GCC_WARN_ABOUT_RETURN_TYPE = YES_ERROR;
				GCC_WARN_UNDECLARED_SELECTOR = YES;
				GCC_WARN_UNINITIALIZED_AUTOS = YES_AGGRESSIVE;
				GCC_WARN_UNUSED_FUNCTION = YES;
				GCC_WARN_UNUSED_VARIABLE = YES;
				IPHONEOS_DEPLOYMENT_TARGET = 26.0;
				LOCALIZATION_PREFERS_STRING_CATALOGS = YES;
				MTL_ENABLE_DEBUG_INFO = INCLUDE_SOURCE;
				MTL_FAST_MATH = YES;
				ONLY_ACTIVE_ARCH = YES;
				SDKROOT = iphoneos;
				SWIFT_ACTIVE_COMPILATION_CONDITIONS = "DEBUG $(inherited)";
				SWIFT_OPTIMIZATION_LEVEL = "-Onone";
			};
			name = Debug;
		};
		906AFF772E9DC49100CFEAF4 /* Release */ = {
			isa = XCBuildConfiguration;
			buildSettings = {
				ALWAYS_SEARCH_USER_PATHS = NO;
				ASSETCATALOG_COMPILER_GENERATE_SWIFT_ASSET_SYMBOL_EXTENSIONS = YES;
				CLANG_ANALYZER_NONNULL = YES;
				CLANG_ANALYZER_NUMBER_OBJECT_CONVERSION = YES_AGGRESSIVE;
				CLANG_CXX_LANGUAGE_STANDARD = "gnu++20";
				CLANG_ENABLE_MODULES = YES;
				CLANG_ENABLE_OBJC_ARC = YES;
				CLANG_ENABLE_OBJC_WEAK = YES;
				CLANG_WARN_BLOCK_CAPTURE_AUTORELEASING = YES;
				CLANG_WARN_BOOL_CONVERSION = YES;
				CLANG_WARN_COMMA = YES;
				CLANG_WARN_CONSTANT_CONVERSION = YES;
				CLANG_WARN_DEPRECATED_OBJC_IMPLEMENTATIONS = YES;
				CLANG_WARN_DIRECT_OBJC_ISA_USAGE = YES_ERROR;
				CLANG_WARN_DOCUMENTATION_COMMENTS = YES;
				CLANG_WARN_EMPTY_BODY = YES;
				CLANG_WARN_ENUM_CONVERSION = YES;
				CLANG_WARN_INFINITE_RECURSION = YES;
				CLANG_WARN_INT_CONVERSION = YES;
				CLANG_WARN_NON_LITERAL_NULL_CONVERSION = YES;
				CLANG_WARN_OBJC_IMPLICIT_RETAIN_SELF = YES;
				CLANG_WARN_OBJC_LITERAL_CONVERSION = YES;
				CLANG_WARN_OBJC_ROOT_CLASS = YES_ERROR;
				CLANG_WARN_QUOTED_INCLUDE_IN_FRAMEWORK_HEADER = YES;
				CLANG_WARN_RANGE_LOOP_ANALYSIS = YES;
				CLANG_WARN_STRICT_PROTOTYPES = YES;
				CLANG_WARN_SUSPICIOUS_MOVE = YES;
				CLANG_WARN_UNGUARDED_AVAILABILITY = YES_AGGRESSIVE;
				CLANG_WARN_UNREACHABLE_CODE = YES;
				CLANG_WARN__DUPLICATE_METHOD_MATCH = YES;
				COPY_PHASE_STRIP = NO;
				DEBUG_INFORMATION_FORMAT = "dwarf-with-dsym";
				DEVELOPMENT_TEAM = G3B2ACWEFM;
				ENABLE_NS_ASSERTIONS = NO;
				ENABLE_STRICT_OBJC_MSGSEND = YES;
				ENABLE_USER_SCRIPT_SANDBOXING = YES;
				GCC_C_LANGUAGE_STANDARD = gnu17;
				GCC_NO_COMMON_BLOCKS = YES;
				GCC_WARN_64_TO_32_BIT_CONVERSION = YES;
				GCC_WARN_ABOUT_RETURN_TYPE = YES_ERROR;
				GCC_WARN_UNDECLARED_SELECTOR = YES;
				GCC_WARN_UNINITIALIZED_AUTOS = YES_AGGRESSIVE;
				GCC_WARN_UNUSED_FUNCTION = YES;
				GCC_WARN_UNUSED_VARIABLE = YES;
				IPHONEOS_DEPLOYMENT_TARGET = 26.0;
				LOCALIZATION_PREFERS_STRING_CATALOGS = YES;
				MTL_ENABLE_DEBUG_INFO = NO;
				MTL_FAST_MATH = YES;
				SDKROOT = iphoneos;
				SWIFT_COMPILATION_MODE = wholemodule;
				VALIDATE_PRODUCT = YES;
			};
			name = Release;
		};
		906AFF792E9DC49100CFEAF4 /* Debug */ = {
			isa = XCBuildConfiguration;
			buildSettings = {
				ASSETCATALOG_COMPILER_APPICON_NAME = AppIcon;
				ASSETCATALOG_COMPILER_GLOBAL_ACCENT_COLOR_NAME = AccentColor;
				CODE_SIGN_STYLE = Automatic;
				CURRENT_PROJECT_VERSION = 1;
				DEVELOPMENT_TEAM = G3B2ACWEFM;
				ENABLE_PREVIEWS = YES;
				GENERATE_INFOPLIST_FILE = YES;
				INFOPLIST_KEY_UIApplicationSceneManifest_Generation = YES;
				INFOPLIST_KEY_UIApplicationSupportsIndirectInputEvents = YES;
				INFOPLIST_KEY_UILaunchScreen_Generation = YES;
				INFOPLIST_KEY_UISupportedInterfaceOrientations_iPad = "UIInterfaceOrientationPortrait UIInterfaceOrientationPortraitUpsideDown UIInterfaceOrientationLandscapeLeft UIInterfaceOrientationLandscapeRight";
				INFOPLIST_KEY_UISupportedInterfaceOrientations_iPhone = "UIInterfaceOrientationPortrait UIInterfaceOrientationLandscapeLeft UIInterfaceOrientationLandscapeRight";
				LD_RUNPATH_SEARCH_PATHS = (
					"$(inherited)",
					"@executable_path/Frameworks",
				);
				MARKETING_VERSION = 1.0;
				PRODUCT_BUNDLE_IDENTIFIER = "com.alquimia.iOS-InterviewPrep";
				PRODUCT_NAME = "$(TARGET_NAME)";
				STRING_CATALOG_GENERATE_SYMBOLS = YES;
				SWIFT_APPROACHABLE_CONCURRENCY = YES;
				SWIFT_DEFAULT_ACTOR_ISOLATION = MainActor;
				SWIFT_EMIT_LOC_STRINGS = YES;
				SWIFT_UPCOMING_FEATURE_MEMBER_IMPORT_VISIBILITY = YES;
				SWIFT_VERSION = 5.0;
				TARGETED_DEVICE_FAMILY = "1,2";
			};
			name = Debug;
		};
		906AFF7A2E9DC49100CFEAF4 /* Release */ = {
			isa = XCBuildConfiguration;
			buildSettings = {
				ASSETCATALOG_COMPILER_APPICON_NAME = AppIcon;
				ASSETCATALOG_COMPILER_GLOBAL_ACCENT_COLOR_NAME = AccentColor;
				CODE_SIGN_STYLE = Automatic;
				CURRENT_PROJECT_VERSION = 1;
				DEVELOPMENT_TEAM = G3B2ACWEFM;
				ENABLE_PREVIEWS = YES;
				GENERATE_INFOPLIST_FILE = YES;
				INFOPLIST_KEY_UIApplicationSceneManifest_Generation = YES;
				INFOPLIST_KEY_UIApplicationSupportsIndirectInputEvents = YES;
				INFOPLIST_KEY_UILaunchScreen_Generation = YES;
				INFOPLIST_KEY_UISupportedInterfaceOrientations_iPad = "UIInterfaceOrientationPortrait UIInterfaceOrientationPortraitUpsideDown UIInterfaceOrientationLandscapeLeft UIInterfaceOrientationLandscapeRight";
				INFOPLIST_KEY_UISupportedInterfaceOrientations_iPhone = "UIInterfaceOrientationPortrait UIInterfaceOrientationLandscapeLeft UIInterfaceOrientationLandscapeRight";
				LD_RUNPATH_SEARCH_PATHS = (
					"$(inherited)",
					"@executable_path/Frameworks",
				);
				MARKETING_VERSION = 1.0;
				PRODUCT_BUNDLE_IDENTIFIER = "com.alquimia.iOS-InterviewPrep";
				PRODUCT_NAME = "$(TARGET_NAME)";
				STRING_CATALOG_GENERATE_SYMBOLS = YES;
				SWIFT_APPROACHABLE_CONCURRENCY = YES;
				SWIFT_DEFAULT_ACTOR_ISOLATION = MainActor;
				SWIFT_EMIT_LOC_STRINGS = YES;
				SWIFT_UPCOMING_FEATURE_MEMBER_IMPORT_VISIBILITY = YES;
				SWIFT_VERSION = 5.0;
				TARGETED_DEVICE_FAMILY = "1,2";
			};
			name = Release;
		};
		906AFF7C2E9DC49100CFEAF4 /* Debug */ = {
			isa = XCBuildConfiguration;
			buildSettings = {
				BUNDLE_LOADER = "$(TEST_HOST)";
				CODE_SIGN_STYLE = Automatic;
				CURRENT_PROJECT_VERSION = 1;
				DEVELOPMENT_TEAM = G3B2ACWEFM;
				GENERATE_INFOPLIST_FILE = YES;
				IPHONEOS_DEPLOYMENT_TARGET = 26.0;
				MARKETING_VERSION = 1.0;
				PRODUCT_BUNDLE_IDENTIFIER = "com.alquimia.iOS-InterviewPrepTests";
				PRODUCT_NAME = "$(TARGET_NAME)";
				STRING_CATALOG_GENERATE_SYMBOLS = NO;
				SWIFT_APPROACHABLE_CONCURRENCY = YES;
				SWIFT_EMIT_LOC_STRINGS = NO;
				SWIFT_UPCOMING_FEATURE_MEMBER_IMPORT_VISIBILITY = YES;
				SWIFT_VERSION = 5.0;
				TARGETED_DEVICE_FAMILY = "1,2";
				TEST_HOST = "$(BUILT_PRODUCTS_DIR)/iOS_InterviewPrep.app/$(BUNDLE_EXECUTABLE_FOLDER_PATH)/iOS_InterviewPrep";
			};
			name = Debug;
		};
		906AFF7D2E9DC49100CFEAF4 /* Release */ = {
			isa = XCBuildConfiguration;
			buildSettings = {
				BUNDLE_LOADER = "$(TEST_HOST)";
				CODE_SIGN_STYLE = Automatic;
				CURRENT_PROJECT_VERSION = 1;
				DEVELOPMENT_TEAM = G3B2ACWEFM;
				GENERATE_INFOPLIST_FILE = YES;
				IPHONEOS_DEPLOYMENT_TARGET = 26.0;
				MARKETING_VERSION = 1.0;
				PRODUCT_BUNDLE_IDENTIFIER = "com.alquimia.iOS-InterviewPrepTests";
				PRODUCT_NAME = "$(TARGET_NAME)";
				STRING_CATALOG_GENERATE_SYMBOLS = NO;
				SWIFT_APPROACHABLE_CONCURRENCY = YES;
				SWIFT_EMIT_LOC_STRINGS = NO;
				SWIFT_UPCOMING_FEATURE_MEMBER_IMPORT_VISIBILITY = YES;
				SWIFT_VERSION = 5.0;
				TARGETED_DEVICE_FAMILY = "1,2";
				TEST_HOST = "$(BUILT_PRODUCTS_DIR)/iOS_InterviewPrep.app/$(BUNDLE_EXECUTABLE_FOLDER_PATH)/iOS_InterviewPrep";
			};
			name = Release;
		};
		906AFF7F2E9DC49100CFEAF4 /* Debug */ = {
			isa = XCBuildConfiguration;
			buildSettings = {
				CODE_SIGN_STYLE = Automatic;
				CURRENT_PROJECT_VERSION = 1;
				DEVELOPMENT_TEAM = G3B2ACWEFM;
				GENERATE_INFOPLIST_FILE = YES;
				MARKETING_VERSION = 1.0;
				PRODUCT_BUNDLE_IDENTIFIER = "com.alquimia.iOS-InterviewPrepUITests";
				PRODUCT_NAME = "$(TARGET_NAME)";
				STRING_CATALOG_GENERATE_SYMBOLS = NO;
				SWIFT_APPROACHABLE_CONCURRENCY = YES;
				SWIFT_EMIT_LOC_STRINGS = NO;
				SWIFT_UPCOMING_FEATURE_MEMBER_IMPORT_VISIBILITY = YES;
				SWIFT_VERSION = 5.0;
				TARGETED_DEVICE_FAMILY = "1,2";
				TEST_TARGET_NAME = iOS_InterviewPrep;
			};
			name = Debug;
		};
		906AFF802E9DC49100CFEAF4 /* Release */ = {
			isa = XCBuildConfiguration;
			buildSettings = {
				CODE_SIGN_STYLE = Automatic;
				CURRENT_PROJECT_VERSION = 1;
				DEVELOPMENT_TEAM = G3B2ACWEFM;
				GENERATE_INFOPLIST_FILE = YES;
				MARKETING_VERSION = 1.0;
				PRODUCT_BUNDLE_IDENTIFIER = "com.alquimia.iOS-InterviewPrepUITests";
				PRODUCT_NAME = "$(TARGET_NAME)";
				STRING_CATALOG_GENERATE_SYMBOLS = NO;
				SWIFT_APPROACHABLE_CONCURRENCY = YES;
				SWIFT_EMIT_LOC_STRINGS = NO;
				SWIFT_UPCOMING_FEATURE_MEMBER_IMPORT_VISIBILITY = YES;
				SWIFT_VERSION = 5.0;
				TARGETED_DEVICE_FAMILY = "1,2";
				TEST_TARGET_NAME = iOS_InterviewPrep;
			};
			name = Release;
		};
/* End XCBuildConfiguration section */

/* Begin XCConfigurationList section */
		906AFF502E9DC48F00CFEAF4 /* Build configuration list for PBXProject "iOS_InterviewPrep" */ = {
			isa = XCConfigurationList;
			buildConfigurations = (
				906AFF762E9DC49100CFEAF4 /* Debug */,
				906AFF772E9DC49100CFEAF4 /* Release */,
			);
			defaultConfigurationIsVisible = 0;
			defaultConfigurationName = Release;
		};
		906AFF782E9DC49100CFEAF4 /* Build configuration list for PBXNativeTarget "iOS_InterviewPrep" */ = {
			isa = XCConfigurationList;
			buildConfigurations = (
				906AFF792E9DC49100CFEAF4 /* Debug */,
				906AFF7A2E9DC49100CFEAF4 /* Release */,
			);
			defaultConfigurationIsVisible = 0;
			defaultConfigurationName = Release;
		};
		906AFF7B2E9DC49100CFEAF4 /* Build configuration list for PBXNativeTarget "iOS_InterviewPrepTests" */ = {
			isa = XCConfigurationList;
			buildConfigurations = (
				906AFF7C2E9DC49100CFEAF4 /* Debug */,
				906AFF7D2E9DC49100CFEAF4 /* Release */,
			);
			defaultConfigurationIsVisible = 0;
			defaultConfigurationName = Release;
		};
		906AFF7E2E9DC49100CFEAF4 /* Build configuration list for PBXNativeTarget "iOS_InterviewPrepUITests" */ = {
			isa = XCConfigurationList;
			buildConfigurations = (
				906AFF7F2E9DC49100CFEAF4 /* Debug */,
				906AFF802E9DC49100CFEAF4 /* Release */,
			);
			defaultConfigurationIsVisible = 0;
			defaultConfigurationName = Release;
		};
/* End XCConfigurationList section */
	};
	rootObject = 906AFF4D2E9DC48F00CFEAF4 /* Project object */;
}
